
Microsoft Visual Studio Solution File, Format Version 12.00
# Visual Studio Version 16
VisualStudioVersion = 16.0.29728.190
MinimumVisualStudioVersion = 10.0.40219.1
Project("{FAE04EC0-301F-11D3-BF4B-00C04F79EFBC}") = "ConcreteWalls", "ConcreteWalls.csproj", "{4313BAFD-ADE6-469C-9DA3-8EB5A11749F9}"
EndProject
Global
	GlobalSection(SolutionConfigurationPlatforms) = preSolution
		Debug|Any CPU = Debug|Any CPU
		Release|Any CPU = Release|Any CPU
	EndGlobalSection
	GlobalSection(ProjectConfigurationPlatforms) = postSolution
		{4313BAFD-ADE6-469C-9DA3-8EB5A11749F9}.Debug|Any CPU.ActiveCfg = Debug|Any CPU
		{4313BAFD-ADE6-469C-9DA3-8EB5A11749F9}.Debug|Any CPU.Build.0 = Debug|Any CPU
		{4313BAFD-ADE6-469C-9DA3-8EB5A11749F9}.Release|Any CPU.ActiveCfg = Release|Any CPU
		{4313BAFD-ADE6-469C-9DA3-8EB5A11749F9}.Release|Any CPU.Build.0 = Release|Any CPU
	EndGlobalSection
	GlobalSection(SolutionProperties) = preSolution
		HideSolutionNode = FALSE
	EndGlobalSection
	GlobalSection(ExtensibilityGlobals) = postSolution
		SolutionGuid = {2B0B643E-3B57-4CE9-95F3-423923C57AF3}
	EndGlobalSection
EndGlobal
